{
  "name": "buildingcli2",
  "version": "1.0.0",
  "lockfileVersion": 3,
  "requires": true,
  "packages": {
    "": {
      "name": "buildingcli2",
      "version": "1.0.0",
      "license": "ISC",
      "dependencies": {
        "buildingcli2": "^1.0.0"
      }
    },
    "node_modules/buildingcli2": {
      "version": "1.0.0",
      "resolved": "https://registry.npmjs.org/buildingcli2/-/building-cli-1.0.0.tgz",
      "integrity": "sha512-g9Xi+QGjtZ18vxVGtSc0aRXGhiObgWs8t9XM09hcTd/QEGybc2IeCYYjzYrYSWBEmpOS05eisCMkUeFISF7vGg=="
    }
  }
}
